[[package]]
category = "main"
description = "Composable command line interface toolkit"
name = "click"
optional = false
python-versions = ">=2.7, !=3.0.*, !=3.1.*, !=3.2.*, !=3.3.*, !=3.4.*"
version = "7.1.2"

[[package]]
category = "main"
description = "A simple framework for building complex web applications."
name = "flask"
optional = false
python-versions = ">=2.7, !=3.0.*, !=3.1.*, !=3.2.*, !=3.3.*, !=3.4.*"
version = "1.1.2"

[package.dependencies]
Jinja2 = ">=2.10.1"
Werkzeug = ">=0.15"
click = ">=5.1"
itsdangerous = ">=0.24"

[[package]]
category = "main"
description = "Adds SQLAlchemy support to your Flask application."
name = "flask-sqlalchemy"
optional = false
python-versions = ">= 2.7, != 3.0.*, != 3.1.*, != 3.2.*, != 3.3.*"
version = "2.4.3"

[package.dependencies]
Flask = ">=0.10"
SQLAlchemy = ">=0.8.0"

[[package]]
category = "main"
description = "Simple integration of Flask and WTForms."
name = "flask-wtf"
optional = false
python-versions = "*"
version = "0.14.3"

[package.dependencies]
Flask = "*"
WTForms = "*"
itsdangerous = "*"

[[package]]
category = "main"
description = "Clean single-source support for Python 3 and 2"
name = "future"
optional = false
python-versions = ">=2.6, !=3.0.*, !=3.1.*, !=3.2.*"
version = "0.18.2"

[[package]]
category = "main"
description = "GAX library for the Google Logging API"
name = "gax-google-logging-v2"
optional = false
python-versions = "*"
version = "0.8.3"

[package.dependencies]
google-gax = ">=0.12.5,<0.13.0"
googleapis-common-protos = ">=1.1.0"
grpc-google-logging-v2 = ">=0.8.1,<0.9.0"
oauth2client = ">=1.4.11"

[[package]]
category = "main"
description = "DEPRECATED"
name = "gax-google-pubsub-v1"
optional = false
python-versions = "*"
version = "0.8.3"

[package.dependencies]
google-gax = ">=0.12.5,<0.13.0"
googleapis-common-protos = ">=1.1.0"
grpc-google-pubsub-v1 = ">=0.8.1,<0.9.0"
oauth2client = ">=1.4.11"

[[package]]
category = "main"
description = "API Client library for Google Cloud"
name = "gcloud"
optional = false
python-versions = "*"
version = "0.17.0"

[package.dependencies]
gax-google-logging-v2 = ">=0.7.10"
gax-google-pubsub-v1 = ">=0.7.10"
google-gax = ">=0.12.1"
googleapis-common-protos = "*"
grpcio = ">=0.14.0"
httplib2 = ">=0.9.1"
oauth2client = ">=2.0.1"
protobuf = ">3.0.0.b2"
six = "*"

[[package]]
category = "main"
description = "Google API Extensions"
name = "google-gax"
optional = false
python-versions = "*"
version = "0.12.5"

[package.dependencies]
future = ">=0.15.2"
grpcio = ">=1.0rc1"
oauth2client = ">=1.5.2"
ply = "3.8"
protobuf = ">=3.0.0b3"

[[package]]
category = "main"
description = "Common protobufs used in Google APIs"
name = "googleapis-common-protos"
optional = false
python-versions = ">=2.7,!=3.0.*,!=3.1.*,!=3.2.*,!=3.3.*"
version = "1.52.0"

[package.dependencies]
protobuf = ">=3.6.0"

[[package]]
category = "main"
description = "GRPC library for the google-logging-v2 service"
name = "grpc-google-logging-v2"
optional = false
python-versions = "*"
version = "0.8.1"

[package.dependencies]
googleapis-common-protos = ">=1.1.0"
grpcio = ">=1.0rc1"
oauth2client = ">=1.4.11"

[[package]]
category = "main"
description = "GRPC library for the google-pubsub-v1 service"
name = "grpc-google-pubsub-v1"
optional = false
python-versions = "*"
version = "0.8.1"

[package.dependencies]
googleapis-common-protos = ">=1.1.0"
grpcio = ">=1.0rc1"
oauth2client = ">=1.4.11"

[[package]]
category = "main"
description = "HTTP/2-based RPC framework"
name = "grpcio"
optional = false
python-versions = "*"
version = "1.29.0"

[package.dependencies]
six = ">=1.5.2"

[[package]]
category = "main"
description = "A comprehensive HTTP client library."
name = "httplib2"
optional = false
python-versions = "*"
version = "0.18.1"

[[package]]
category = "main"
description = "Various helpers to pass data to untrusted environments and back."
name = "itsdangerous"
optional = false
python-versions = ">=2.7, !=3.0.*, !=3.1.*, !=3.2.*, !=3.3.*"
version = "1.1.0"

[[package]]
category = "main"
description = "A very fast and expressive template engine."
name = "jinja2"
optional = false
python-versions = ">=2.7, !=3.0.*, !=3.1.*, !=3.2.*, !=3.3.*, !=3.4.*"
version = "2.11.2"

[package.dependencies]
MarkupSafe = ">=0.23"

[[package]]
category = "main"
description = "JSON Web Signatures implementation in Python"
name = "jws"
optional = false
python-versions = "*"
version = "0.1.3"

[[package]]
category = "main"
description = "Safely add untrusted strings to HTML/XML markup."
name = "markupsafe"
optional = false
python-versions = ">=2.7,!=3.0.*,!=3.1.*,!=3.2.*,!=3.3.*"
version = "1.1.1"

[[package]]
category = "main"
description = "OAuth 2.0 client library"
name = "oauth2client"
optional = false
python-versions = "*"
version = "3.0.0"

[package.dependencies]
httplib2 = ">=0.9.1"
pyasn1 = ">=0.1.7"
pyasn1-modules = ">=0.0.5"
rsa = ">=3.1.4"
six = ">=1.6.1"

[[package]]
category = "main"
description = "Python Lex & Yacc"
name = "ply"
optional = false
python-versions = "*"
version = "3.8"

[[package]]
category = "main"
description = "Protocol Buffers"
name = "protobuf"
optional = false
python-versions = "*"
version = "3.12.2"

[package.dependencies]
setuptools = "*"
six = ">=1.9"

[[package]]
category = "main"
description = "ASN.1 types and codecs"
name = "pyasn1"
optional = false
python-versions = "*"
version = "0.4.8"

[[package]]
category = "main"
description = "A collection of ASN.1-based protocols modules."
name = "pyasn1-modules"
optional = false
python-versions = "*"
version = "0.2.8"

[package.dependencies]
pyasn1 = ">=0.4.6,<0.5.0"

[[package]]
category = "main"
description = "Cryptographic library for Python"
name = "pycryptodome"
optional = false
python-versions = "*"
version = "3.4.3"

[[package]]
category = "main"
description = "A simple python wrapper for the Firebase API"
name = "pyrebase"
optional = false
python-versions = "*"
version = "3.0.27"

[package.dependencies]
gcloud = "0.17.0"
oauth2client = "3.0.0"
pycryptodome = "3.4.3"
python-jwt = "2.0.1"
requests = "2.11.1"
requests-toolbelt = "0.7.0"

[[package]]
category = "main"
description = "Module for generating and verifying JSON Web Tokens"
name = "python-jwt"
optional = false
python-versions = "*"
version = "2.0.1"

[package.dependencies]
jws = ">=0.1.3"

[[package]]
category = "main"
description = "Python HTTP for Humans."
name = "requests"
optional = false
python-versions = "*"
version = "2.11.1"

[[package]]
category = "main"
description = "A utility belt for advanced users of python-requests"
name = "requests-toolbelt"
optional = false
python-versions = "*"
version = "0.7.0"

[package.dependencies]
requests = ">=2.0.1,<3.0.0"

[[package]]
category = "main"
description = "Pure-Python RSA implementation"
name = "rsa"
optional = false
python-versions = "*"
version = "4.0"

[package.dependencies]
pyasn1 = ">=0.1.3"

[[package]]
category = "main"
description = "Python 2 and 3 compatibility utilities"
name = "six"
optional = false
python-versions = ">=2.7, !=3.0.*, !=3.1.*, !=3.2.*"
version = "1.15.0"

[[package]]
category = "main"
description = "Database Abstraction Library"
name = "sqlalchemy"
optional = false
python-versions = ">=2.7, !=3.0.*, !=3.1.*, !=3.2.*, !=3.3.*"
version = "1.3.17"

[[package]]
category = "main"
description = "The comprehensive WSGI web application library."
name = "werkzeug"
optional = false
python-versions = ">=2.7, !=3.0.*, !=3.1.*, !=3.2.*, !=3.3.*, !=3.4.*"
version = "1.0.1"

[[package]]
category = "main"
description = "A flexible forms validation and rendering library for Python web development."
name = "wtforms"
optional = false
python-versions = "*"
version = "2.3.1"

[package.dependencies]
MarkupSafe = "*"

[metadata]
content-hash = "d5078aa612cdac234fb91fec14950a068e9e018d1be1804e114da5fbf1d12805"
python-versions = "^3.8"

[metadata.hashes]
click = ["d2b5255c7c6349bc1bd1e59e08cd12acbbd63ce649f2588755783aa94dfb6b1a", "dacca89f4bfadd5de3d7489b7c8a566eee0d3676333fbb50030263894c38c0dc"]
flask = ["4efa1ae2d7c9865af48986de8aeb8504bf32c7f3d6fdc9353d34b21f4b127060", "8a4fdd8936eba2512e9c85df320a37e694c93945b33ef33c89946a340a238557"]
flask-sqlalchemy = ["0b656fbf87c5f24109d859bafa791d29751fabbda2302b606881ae5485b557a5", "fcfe6df52cd2ed8a63008ca36b86a51fa7a4b70cef1c39e5625f722fca32308e"]
flask-wtf = ["57b3faf6fe5d6168bda0c36b0df1d05770f8e205e18332d0376ddb954d17aef2", "d417e3a0008b5ba583da1763e4db0f55a1269d9dd91dcc3eb3c026d3c5dbd720"]
future = ["b1bead90b70cf6ec3f0710ae53a525360fa360d306a86583adc6bf83a4db537d"]
gax-google-logging-v2 = ["c36cbb93e070b3b535e9fffff6879efe447e525dff75b62eb4564def515e1a18"]
gax-google-pubsub-v1 = ["943df4aa05cf0302fa1616197d05e29adb62be2c0f55f80d8345439d72471526"]
gcloud = ["3371992c738cee83a9bf67230e434c811428fcccbcb607696f2d4f76dd0a157e"]
google-gax = ["63312a04cb87ca50e857245f05c582b2171807a30e61cef85006b983bf659cb9"]
googleapis-common-protos = ["560716c807117394da12cecb0a54da5a451b5cf9866f1d37e9a5e2329a665351", "c8961760f5aad9a711d37b675be103e0cc4e9a39327e0d6d857872f698403e24"]
grpc-google-logging-v2 = ["4b6b4e603860b134b2cb8732bb4d1f2cec963d553497dcf70b3f5ecc99d7fb4f"]
grpc-google-pubsub-v1 = ["ab5a3a239a9678012cdc00a9b9a8fe8c75fca9a0035da41da3078145e9d967b9"]
grpcio = ["10cdc8946a7c2284bbc8e16d346eaa2beeaae86ea598f345df86d4ef7dfedb84", "23bc395a32c2465564cb242e48bdd2fdbe5a4aebf307649a800da1b971ee7f29", "2637ce96b7c954d2b71060f50eb4c72f81668f1b2faa6cbdc74677e405978901", "3d8c510b6eabce5192ce126003d74d7751c7218d3e2ad39fcf02400d7ec43abe", "5024b26e17a1bfc9390fb3b8077bf886eee02970af780fd23072970ef08cefe8", "517538a54afdd67162ea2af1ac3326c0752c5d13e6ddadbc4885f6a28e91ab28", "524ae8d3da61b856cf08abb3d0947df05402919e4be1f88328e0c1004031f72e", "54e4658c09084b09cd83a5ea3a8bce78e4031ff1010bb8908c399a22a76a6f08", "57c8cc2ae8cb94c3a89671af7e1380a4cdfcd6bab7ba303f4461ec32ded250ae", "5fd9ffe938e9225c654c60eb21ff011108cc27302db85200413807e0eda99a4a", "75b2247307a7ecaf6abc9eb2bd04af8f88816c111b87bf0044d7924396e9549c", "7bf3cb1e0f4a9c89f7b748583b994bdce183103d89d5ff486da48a7668a052c7", "7e02a7c40304eecee203f809a982732bd37fad4e798acad98fe73c66e44ff2db", "806c9759f5589b3761561187408e0313a35c5c53f075c7590effab8d27d67dfe", "80e9f9f6265149ca7c84e1c8c31c2cf3e2869c45776fbe8880a3133a11d6d290", "81bbf78a399e0ee516c81ddad8601f12af3fc9b30f2e4b2fbd64efd327304a4d", "886d48c32960b39e059494637eb0157a694956248d03b0de814447c188b74799", "97b72bf2242a351a89184134adbb0ae3b422e6893c6c712bc7669e2eab21501b", "97fcbdf1f12e0079d26db73da11ee35a09adc870b1e72fbff0211f6a8003a4e8", "9cfb4b71cc3c8757f137d47000f9d90d4bd818733f9ab4f78bd447e052a4cb9a", "9ef0370bcf629ece4e7e37796e4604e2514b920669be2911fc3f9c163a73a57b", "a6dddb177b3cfa0cfe299fb9e07d6a3382cc79466bef48fe9c4326d5c5b1dcb8", "a97ea91e31863c9a3879684b5fb3c6ab4b17c5431787548fc9f52b9483ea9c25", "b49f243936b0f6ae8eb6adf88a1e54e736f1c6724a1bff6b591d105d708263ad", "b85f355fc24b68a6c52f2750e7141110d1fcd07dfdc9b282de0000550fe0511b", "c3a0ef12ee86f6e72db50e01c3dba7735a76d8c30104b9b0f7fd9d65ceb9d93f", "da0ca9b1089d00e39a8b83deec799a4e5c37ec1b44d804495424acde50531868", "e90f3d11185c36593186e5ff1f581acc6ddfa4190f145b0366e579de1f52803b", "ebf0ccb782027ef9e213e03b6d00bbd8dabd80959db7d468c0738e6d94b5204c", "eede3039c3998e2cc0f6713f4ac70f235bd32967c9b958a17bf937aceebc12c3", "ff7931241351521b8df01d7448800ce0d59364321d8d82c49b826d455678ff08"]
httplib2 = ["8af66c1c52c7ffe1aa5dc4bcd7c769885254b0756e6e69f953c7f0ab49a70ba3", "ca2914b015b6247791c4866782fa6042f495b94401a0f0bd3e1d6e0ba2236782"]
itsdangerous = ["321b033d07f2a4136d3ec762eac9f16a10ccd60f53c0c91af90217ace7ba1f19", "b12271b2047cb23eeb98c8b5622e2e5c5e9abd9784a153e9d8ef9cb4dd09d749"]
jinja2 = ["89aab215427ef59c34ad58735269eb58b1a5808103067f7bb9d5836c651b3bb0", "f0a4641d3cf955324a89c04f3d94663aa4d638abe8f733ecd3582848e1c37035"]
jws = ["0e3d4cb06ae7c5c1d16d357b4e7acb5c5ecab0cccb3a4b998035b85052488053", "1c435117e2f6842e74e9a167df58cbab20f36aa14996ccbc81b7aded2f09a704", "6f48d610bbd0d6974ce0c010a6ce0438d3fa87539e68c5e21ea28d29a8df0e57", "8f9c25d7022a9592fe4766612db729e7f5ee2afbc8d409108ef11f26b0aa94b6"]
markupsafe = ["00bc623926325b26bb9605ae9eae8a215691f33cae5df11ca5424f06f2d1f473", "09027a7803a62ca78792ad89403b1b7a73a01c8cb65909cd876f7fcebd79b161", "09c4b7f37d6c648cb13f9230d847adf22f8171b1ccc4d5682398e77f40309235", "1027c282dad077d0bae18be6794e6b6b8c91d58ed8a8d89a89d59693b9131db5", "13d3144e1e340870b25e7b10b98d779608c02016d5184cfb9927a9f10c689f42", "24982cc2533820871eba85ba648cd53d8623687ff11cbb805be4ff7b4c971aff", "29872e92839765e546828bb7754a68c418d927cd064fd4708fab9fe9c8bb116b", "43a55c2930bbc139570ac2452adf3d70cdbb3cfe5912c71cdce1c2c6bbd9c5d1", "46c99d2de99945ec5cb54f23c8cd5689f6d7177305ebff350a58ce5f8de1669e", "500d4957e52ddc3351cabf489e79c91c17f6e0899158447047588650b5e69183", "535f6fc4d397c1563d08b88e485c3496cf5784e927af890fb3c3aac7f933ec66", "596510de112c685489095da617b5bcbbac7dd6384aeebeda4df6025d0256a81b", "62fe6c95e3ec8a7fad637b7f3d372c15ec1caa01ab47926cfdf7a75b40e0eac1", "6788b695d50a51edb699cb55e35487e430fa21f1ed838122d722e0ff0ac5ba15", "6dd73240d2af64df90aa7c4e7481e23825ea70af4b4922f8ede5b9e35f78a3b1", "717ba8fe3ae9cc0006d7c451f0bb265ee07739daf76355d06366154ee68d221e", "79855e1c5b8da654cf486b830bd42c06e8780cea587384cf6545b7d9ac013a0b", "7c1699dfe0cf8ff607dbdcc1e9b9af1755371f92a68f706051cc8c37d447c905", "88e5fcfb52ee7b911e8bb6d6aa2fd21fbecc674eadd44118a9cc3863f938e735", "8defac2f2ccd6805ebf65f5eeb132adcf2ab57aa11fdf4c0dd5169a004710e7d", "98c7086708b163d425c67c7a91bad6e466bb99d797aa64f965e9d25c12111a5e", "9add70b36c5666a2ed02b43b335fe19002ee5235efd4b8a89bfcf9005bebac0d", "9bf40443012702a1d2070043cb6291650a0841ece432556f784f004937f0f32c", "ade5e387d2ad0d7ebf59146cc00c8044acbd863725f887353a10df825fc8ae21", "b00c1de48212e4cc9603895652c5c410df699856a2853135b3967591e4beebc2", "b1282f8c00509d99fef04d8ba936b156d419be841854fe901d8ae224c59f0be5", "b2051432115498d3562c084a49bba65d97cf251f5a331c64a12ee7e04dacc51b", "ba59edeaa2fc6114428f1637ffff42da1e311e29382d81b339c1817d37ec93c6", "c8716a48d94b06bb3b2524c2b77e055fb313aeb4ea620c8dd03a105574ba704f", "cd5df75523866410809ca100dc9681e301e3c27567cf498077e8551b6d20e42f", "cdb132fc825c38e1aeec2c8aa9338310d29d337bebbd7baa06889d09a60a1fa2", "e249096428b3ae81b08327a63a485ad0878de3fb939049038579ac0ef61e17e7", "e8313f01ba26fbbe36c7be1966a7b7424942f670f38e666995b88d012765b9be"]
oauth2client = ["5b5b056ec6f2304e7920b632885bd157fa71d1a7f3ddd00a43b1541a8d1a2460"]
ply = ["e7d1bdff026beb159c9942f7a17e102c375638d9478a7ecd4cc0c76afd8de0b8"]
protobuf = ["304e08440c4a41a0f3592d2a38934aad6919d692bb0edfb355548786728f9a5e", "49ef8ab4c27812a89a76fa894fe7a08f42f2147078392c0dee51d4a444ef6df5", "50b5fee674878b14baea73b4568dc478c46a31dd50157a5b5d2f71138243b1a9", "5524c7020eb1fb7319472cb75c4c3206ef18b34d6034d2ee420a60f99cddeb07", "612bc97e42b22af10ba25e4140963fbaa4c5181487d163f4eb55b0b15b3dfcd2", "6f349adabf1c004aba53f7b4633459f8ca8a09654bf7e69b509c95a454755776", "85b94d2653b0fdf6d879e39d51018bf5ccd86c81c04e18a98e9888694b98226f", "87535dc2d2ef007b9d44e309d2b8ea27a03d2fa09556a72364d706fcb7090828", "a7ab28a8f1f043c58d157bceb64f80e4d2f7f1b934bc7ff5e7f7a55a337ea8b0", "a96f8fc625e9ff568838e556f6f6ae8eca8b4837cdfb3f90efcb7c00e342a2eb", "b5a114ea9b7fc90c2cc4867a866512672a47f66b154c6d7ee7e48ddb68b68122", "be04fe14ceed7f8641e30f36077c1a654ff6f17d0c7a5283b699d057d150d82a", "bff02030bab8b969f4de597543e55bd05e968567acb25c0a87495a31eb09e925", "c9ca9f76805e5a637605f171f6c4772fc4a81eced4e2f708f79c75166a2c99ea", "e1464a4a2cf12f58f662c8e6421772c07947266293fb701cb39cd9c1e183f63c", "e72736dd822748b0721f41f9aaaf6a5b6d5cfc78f6c8690263aef8bba4457f0e", "eafe9fa19fcefef424ee089fb01ac7177ff3691af7cc2ae8791ae523eb6ca907", "f4b73736108a416c76c17a8a09bc73af3d91edaa26c682aaa460ef91a47168d3"]
pyasn1 = ["014c0e9976956a08139dc0712ae195324a75e142284d5f87f1a87ee1b068a359", "03840c999ba71680a131cfaee6fab142e1ed9bbd9c693e285cc6aca0d555e576", "0458773cfe65b153891ac249bcf1b5f8f320b7c2ce462151f8fa74de8934becf", "08c3c53b75eaa48d71cf8c710312316392ed40899cb34710d092e96745a358b7", "39c7e2ec30515947ff4e87fb6f456dfc6e84857d34be479c9d4a4ba4bf46aa5d", "5c9414dcfede6e441f7e8f81b43b34e834731003427e5b09e4e00e3172a10f00", "6e7545f1a61025a4e58bb336952c5061697da694db1cae97b116e9c46abcf7c8", "78fa6da68ed2727915c4767bb386ab32cdba863caa7dbe473eaae45f9959da86", "7ab8a544af125fb704feadb008c99a88805126fb525280b2270bb25cc1d78a12", "99fcc3c8d804d1bc6d9a099921e39d827026409a58f2a720dcdb89374ea0c776", "aef77c9fb94a3ac588e87841208bdec464471d9871bd5050a287cc9a475cd0ba", "e89bf84b5437b532b0803ba5c9a5e054d21fec423a89952a74f87fa2c9b7bce2", "fec3e9d8e36808a28efb59b489e4528c10ad0f480e57dcc32b4de5c9d8c9fdf3"]
pyasn1-modules = ["0845a5582f6a02bb3e1bde9ecfc4bfcae6ec3210dd270522fee602365430c3f8", "0fe1b68d1e486a1ed5473f1302bd991c1611d319bba158e98b106ff86e1d7199", "15b7c67fabc7fc240d87fb9aabf999cf82311a6d6fb2c70d00d3d0604878c811", "426edb7a5e8879f1ec54a1864f16b882c2837bfd06eee62f2c982315ee2473ed", "65cebbaffc913f4fe9e4808735c95ea22d7a7775646ab690518c056784bc21b4", "905f84c712230b2c592c19470d3ca8d552de726050d1d1716282a1f6146be65e", "a50b808ffeb97cb3601dd25981f6b016cbb3d31fbf57a8b8a87428e6158d0c74", "a99324196732f53093a84c4369c996713eb8c89d360a496b599fb1a9c47fc3eb", "b80486a6c77252ea3a3e9b1e360bc9cf28eaac41263d173c032581ad2f20fe45", "c29a5e5cc7a3f05926aff34e097e84f8589cd790ce0ed41b67aed6857b26aafd", "cbac4bc38d117f2a49aeedec4407d23e8866ea4ac27ff2cf7fb3e5b570df19e0", "f39edd8c4ecaa4556e989147ebf219227e2cd2e8a43c7e7fcb1f1c18c5fd6a3d", "fe0644d9ab041506b62782e92b06b8c68cca799e1a9636ec398675459e031405"]
pycryptodome = ["1870d8d3634b51f063314290988eff99e61e5ca24d3ff88216a1438e2c2f8ea4", "4b1697b5787afe8e7fd81b96ff4501376f52cb80fc9dd684f6989ea3b69853f4", "52af28bfb104abae1986214db0e38ce9e5250c7054b7c00ef7bf12b8b149beb6", "602732408900628603aedf376d14670a9fc5e3778e19aea74fcf7731bed77542", "77d2790d2c649dff7b5d25639bba8d11e25c55d79763026fd7c1c0d395b99b2a", "bcaddb2b7a732c3a5a92547a8562c039b36cf6029a4bfa97fc53a74bf165f220", "bcf3a8cbe23bd00197c0860f3806de2538649bb7571b8d26dc5d268cd1c7b0a6", "bdfd5de7ccb7bcf37ec74ec12181f67a1a761f88318258067126827b5ec0d3eb", "c1cecf552234304d618ed6dcf23be19c59ba9de58eb7b2cd03a84bcc847d8b77", "dce7b68a79c9996688daba0ae02499c3b2a35f0d5e08d81156ae66b91c05625a", "f3a24d6756be74dadaff8c460076ab9b24085d92a1a4fa6934c7623bae1dbdfc"]
pyrebase = ["0a1fd6efc36ae2e4747e8c3b4e6ad5dc1abfa5729d6465b04c8f148ff6c626c0", "a80f9d2a1b29f3c4eb2b6968d87b3282666dfcd8cbacd7e586b48d9609916463"]
python-jwt = ["6b2d334cfa8af8423d96bff45a00a7bc811d87f460d1e7f4732b3ae90220f02c", "db2a8ad41b816e0c00e0f8ba3c1899675daa26139641a61356579304960533a1"]
requests = ["545c4855cd9d7c12671444326337013766f4eea6068c3f0307fb2dc2696d580e", "5acf980358283faba0b897c73959cecf8b841205bb4b2ad3ef545f46eae1a133"]
requests-toolbelt = ["33899d4a559c3f0f5e9fbc115d337c4236febdc083755a160a4132d92fc3c91a", "a0432b1124e6b33151ecf694497b4808690dd94ce68c6648c1daa63b771278c4"]
rsa = ["14ba45700ff1ec9eeb206a2ce76b32814958a98e372006c8fb76ba820211be66", "1a836406405730121ae9823e19c6e806c62bbad73f890574fff50efa4122c487"]
six = ["30639c035cdb23534cd4aa2dd52c3bf48f06e5f4a941509c8bafd8ce11080259", "8b74bedcbbbaca38ff6d7491d76f2b06b3592611af620f8426e82dddb04a5ced"]
sqlalchemy = ["128bc917ed20d78143a45024455ff0aed7d3b96772eba13d5dbaf9cc57e5c41b", "156a27548ba4e1fed944ff9fcdc150633e61d350d673ae7baaf6c25c04ac1f71", "27e2efc8f77661c9af2681755974205e7462f1ae126f498f4fe12a8b24761d15", "2a12f8be25b9ea3d1d5b165202181f2b7da4b3395289000284e5bb86154ce87c", "31c043d5211aa0e0773821fcc318eb5cbe2ec916dfbc4c6eea0c5188971988eb", "65eb3b03229f684af0cf0ad3bcc771970c1260a82a791a8d07bffb63d8c95bcc", "6cd157ce74a911325e164441ff2d9b4e244659a25b3146310518d83202f15f7a", "703c002277f0fbc3c04d0ae4989a174753a7554b2963c584ce2ec0cddcf2bc53", "869bbb637de58ab0a912b7f20e9192132f9fbc47fc6b5111cd1e0f6cdf5cf9b0", "8a0e0cd21da047ea10267c37caf12add400a92f0620c8bc09e4a6531a765d6d7", "8d01e949a5d22e5c4800d59b50617c56125fc187fbeb8fa423e99858546de616", "925b4fe5e7c03ed76912b75a9a41dfd682d59c0be43bce88d3b27f7f5ba028fb", "9cb1819008f0225a7c066cac8bb0cf90847b2c4a6eb9ebb7431dbd00c56c06c5", "a87d496884f40c94c85a647c385f4fd5887941d2609f71043e2b73f2436d9c65", "a9030cd30caf848a13a192c5e45367e3c6f363726569a56e75dc1151ee26d859", "a9e75e49a0f1583eee0ce93270232b8e7bb4b1edc89cc70b07600d525aef4f43", "b50f45d0e82b4562f59f0e0ca511f65e412f2a97d790eea5f60e34e5f1aabc9a", "b7878e59ec31f12d54b3797689402ee3b5cfcb5598f2ebf26491732758751908", "ce1ddaadee913543ff0154021d31b134551f63428065168e756d90bdc4c686f5", "ce2646e4c0807f3461be0653502bb48c6e91a5171d6e450367082c79e12868bf", "ce6c3d18b2a8ce364013d47b9cad71db815df31d55918403f8db7d890c9d07ae", "e4e2664232005bd306f878b0f167a31f944a07c4de0152c444f8c61bbe3cfb38", "e8aa395482728de8bdcca9cc0faf3765ab483e81e01923aaa736b42f0294f570", "eb4fcf7105bf071c71068c6eee47499ab8d4b8f5a11fc35147c934f0faa60f23", "ed375a79f06cad285166e5be74745df1ed6845c5624aafadec4b7a29c25866ef", "f35248f7e0d63b234a109dd72fbfb4b5cb6cb6840b221d0df0ecbf54ab087654", "f502ef245c492b391e0e23e94cba030ab91722dcc56963c85bfd7f3441ea2bbe", "fe01bac7226499aedf472c62fa3b85b2c619365f3f14dd222ffe4f3aa91e5f98"]
werkzeug = ["2de2a5db0baeae7b2d2664949077c2ac63fbd16d98da0ff71837f7d1dea3fd43", "6c80b1e5ad3665290ea39320b91e1be1e0d5f60652b964a3070216de83d2e47c"]
wtforms = ["6ff8635f4caeed9f38641d48cfe019d0d3896f41910ab04494143fc027866e1b", "861a13b3ae521d6700dac3b2771970bd354a63ba7043ecc3a82b5288596a1972"]
